
Microsoft Visual Studio Solution File, Format Version 12.00
# Visual Studio Version 16
VisualStudioVersion = 16.0.30413.136
MinimumVisualStudioVersion = 10.0.40219.1
Project("{FAE04EC0-301F-11D3-BF4B-00C04F79EFBC}") = "Agent", "Agent\Agent.csproj", "{B75F501F-6852-4556-8159-F96E81FD9E83}"
EndProject
Global
	GlobalSection(SolutionConfigurationPlatforms) = preSolution
		Debug|Any CPU = Debug|Any CPU
		Release|Any CPU = Release|Any CPU
	EndGlobalSection
	GlobalSection(ProjectConfigurationPlatforms) = postSolution
		{B75F501F-6852-4556-8159-F96E81FD9E83}.Debug|Any CPU.ActiveCfg = Debug|Any CPU
		{B75F501F-6852-4556-8159-F96E81FD9E83}.Debug|Any CPU.Build.0 = Debug|Any CPU
		{B75F501F-6852-4556-8159-F96E81FD9E83}.Release|Any CPU.ActiveCfg = Release|Any CPU
		{B75F501F-6852-4556-8159-F96E81FD9E83}.Release|Any CPU.Build.0 = Release|Any CPU
	EndGlobalSection
	GlobalSection(SolutionProperties) = preSolution
		HideSolutionNode = FALSE
	EndGlobalSection
	GlobalSection(ExtensibilityGlobals) = postSolution
		SolutionGuid = {A4C19B8C-95E4-4679-AEB8-6EFBC0EEAEC3}
	EndGlobalSection
EndGlobal
